
Microsoft Visual Studio Solution File, Format Version 12.00
# Visual Studio Version 17
VisualStudioVersion = 17.8.34330.188
MinimumVisualStudioVersion = 10.0.40219.1
Project("{FAE04EC0-301F-11D3-BF4B-00C04F79EFBC}") = "DemoApplication", "DemoApplication\DemoApplication.csproj", "{C1ADDED6-3FB1-4C2E-96AD-3961C38F0B90}"
EndProject
Global
	GlobalSection(SolutionConfigurationPlatforms) = preSolution
		Debug|Any CPU = Debug|Any CPU
		Release|Any CPU = Release|Any CPU
	EndGlobalSection
	GlobalSection(ProjectConfigurationPlatforms) = postSolution
		{C1ADDED6-3FB1-4C2E-96AD-3961C38F0B90}.Debug|Any CPU.ActiveCfg = Debug|Any CPU
		{C1ADDED6-3FB1-4C2E-96AD-3961C38F0B90}.Debug|Any CPU.Build.0 = Debug|Any CPU
		{C1ADDED6-3FB1-4C2E-96AD-3961C38F0B90}.Release|Any CPU.ActiveCfg = Release|Any CPU
		{C1ADDED6-3FB1-4C2E-96AD-3961C38F0B90}.Release|Any CPU.Build.0 = Release|Any CPU
	EndGlobalSection
	GlobalSection(SolutionProperties) = preSolution
		HideSolutionNode = FALSE
	EndGlobalSection
	GlobalSection(ExtensibilityGlobals) = postSolution
		SolutionGuid = {AD8C9427-69C4-43FA-BC38-ED0B3AC73AB1}
	EndGlobalSection
EndGlobal
